
Microsoft Visual Studio Solution File, Format Version 12.00
# Visual Studio Version 16
VisualStudioVersion = 16.0.29505.145
MinimumVisualStudioVersion = 10.0.40219.1
Project("{9A19103F-16F7-4668-BE54-9A1E7A4F7556}") = "bike-rental-exercise-tklecka", "bike-rental-exercise-tklecka\bike-rental-exercise-tklecka.csproj", "{F441E151-3A2F-4CAF-B770-1429230CF17E}"
EndProject
Project("{FAE04EC0-301F-11D3-BF4B-00C04F79EFBC}") = "bike-rental-exercise-tkleckaTests1", "bike-rental-exercise-tkleckaTests1\bike-rental-exercise-tkleckaTests1.csproj", "{F598408D-8622-43B5-8E4F-ED811A15D0E9}"
EndProject
Global
	GlobalSection(SolutionConfigurationPlatforms) = preSolution
		Debug|Any CPU = Debug|Any CPU
		Release|Any CPU = Release|Any CPU
	EndGlobalSection
	GlobalSection(ProjectConfigurationPlatforms) = postSolution
		{F441E151-3A2F-4CAF-B770-1429230CF17E}.Debug|Any CPU.ActiveCfg = Debug|Any CPU
		{F441E151-3A2F-4CAF-B770-1429230CF17E}.Debug|Any CPU.Build.0 = Debug|Any CPU
		{F441E151-3A2F-4CAF-B770-1429230CF17E}.Release|Any CPU.ActiveCfg = Release|Any CPU
		{F441E151-3A2F-4CAF-B770-1429230CF17E}.Release|Any CPU.Build.0 = Release|Any CPU
		{F598408D-8622-43B5-8E4F-ED811A15D0E9}.Debug|Any CPU.ActiveCfg = Debug|Any CPU
		{F598408D-8622-43B5-8E4F-ED811A15D0E9}.Debug|Any CPU.Build.0 = Debug|Any CPU
		{F598408D-8622-43B5-8E4F-ED811A15D0E9}.Release|Any CPU.ActiveCfg = Release|Any CPU
		{F598408D-8622-43B5-8E4F-ED811A15D0E9}.Release|Any CPU.Build.0 = Release|Any CPU
	EndGlobalSection
	GlobalSection(SolutionProperties) = preSolution
		HideSolutionNode = FALSE
	EndGlobalSection
	GlobalSection(ExtensibilityGlobals) = postSolution
		SolutionGuid = {34EAD8A5-D528-43ED-B684-DAB4F415A9A7}
	EndGlobalSection
EndGlobal
